
Microsoft Visual Studio Solution File, Format Version 12.00
# Visual Studio Version 17
VisualStudioVersion = 17.0.31903.59
MinimumVisualStudioVersion = 10.0.40219.1
Project("{FAE04EC0-301F-11D3-BF4B-00C04F79EFBC}") = "tanci", "tanci\tanci.csproj", "{7BBCA815-58E2-49C6-B196-DBB14F7D3274}"
EndProject
Global
	GlobalSection(SolutionConfigurationPlatforms) = preSolution
		Debug|Any CPU = Debug|Any CPU
		Release|Any CPU = Release|Any CPU
	EndGlobalSection
	GlobalSection(ProjectConfigurationPlatforms) = postSolution
		{7BBCA815-58E2-49C6-B196-DBB14F7D3274}.Debug|Any CPU.ActiveCfg = Debug|Any CPU
		{7BBCA815-58E2-49C6-B196-DBB14F7D3274}.Debug|Any CPU.Build.0 = Debug|Any CPU
		{7BBCA815-58E2-49C6-B196-DBB14F7D3274}.Release|Any CPU.ActiveCfg = Release|Any CPU
		{7BBCA815-58E2-49C6-B196-DBB14F7D3274}.Release|Any CPU.Build.0 = Release|Any CPU
	EndGlobalSection
	GlobalSection(SolutionProperties) = preSolution
		HideSolutionNode = FALSE
	EndGlobalSection
	GlobalSection(ExtensibilityGlobals) = postSolution
		SolutionGuid = {A74DAD97-E31E-4A17-A488-6863F4AA4D62}
	EndGlobalSection
EndGlobal
